{
  "name": "leafletwc",
  "version": "0.0.1",
  "lockfileVersion": 1,
  "requires": true,
  "dependencies": {
    "@esri/arcgis-to-geojson-utils": {
      "version": "1.3.0",
      "resolved": "https://registry.npmjs.org/@esri/arcgis-to-geojson-utils/-/arcgis-to-geojson-utils-1.3.0.tgz",
      "integrity": "sha512-8yPorlHeU63U6aT7RJbgSfXGKTZtnQz7Os8Qw96PW2lXJ+g1CRe5L/G8h5qtYHqt5VM4yCUGIhzHHYxdGzanLQ=="
    },
    "@stencil/core": {
      "version": "1.12.7",
      "resolved": "https://registry.npmjs.org/@stencil/core/-/core-1.12.7.tgz",
      "integrity": "sha512-Ob+xncjuHebjSHqOGh9acXx0Jw2rSTzGP1XiYNKYQnoFtcvKpGqLhr2ibWqS1Z40aEwgI/OvYYldfWsp/C+0mw==",
      "dev": true,
      "requires": {
        "typescript": "3.8.3"
      }
    },
    "@types/geojson": {
      "version": "7946.0.7",
      "resolved": "https://registry.npmjs.org/@types/geojson/-/geojson-7946.0.7.tgz",
      "integrity": "sha512-wE2v81i4C4Ol09RtsWFAqg3BUitWbHSpSlIo+bNdsCJijO9sjme+zm+73ZMCa/qMC8UEERxzGbvmr1cffo2SiQ=="
    },
    "chroma.ts": {
      "version": "1.0.9",
      "resolved": "https://registry.npmjs.org/chroma.ts/-/chroma.ts-1.0.9.tgz",
      "integrity": "sha512-8gTa28UqL6KdOQEU/maov9G1ocEjK3LYx8c26/mVFMBtsTNmdx0p+IM9BKDfAMyVhDqJ64br2U6tdLc8QoHMkg=="
    },
    "d3-array": {
      "version": "3.2.0",
      "resolved": "https://registry.npmjs.org/d3-array/-/d3-array-3.2.0.tgz",
      "integrity": "sha512-3yXFQo0oG3QCxbF06rMPFyGRMGJNS7NvsV1+2joOjbBE+9xvWQ8+GcMJAjRCzw06zQ3/arXeJgbPYcjUCuC+3g==",
      "requires": {
        "internmap": "1 - 2"
      }
    },
    "d3-color": {
      "version": "3.1.0",
      "resolved": "https://registry.npmjs.org/d3-color/-/d3-color-3.1.0.tgz",
      "integrity": "sha512-zg/chbXyeBtMQ1LbD/WSoW2DpC3I0mpmPdW+ynRTj/x2DAWYrIY7qeZIHidozwV24m4iavr15lNwIwLxRmOxhA=="
    },
    "d3-format": {
      "version": "3.1.0",
      "resolved": "https://registry.npmjs.org/d3-format/-/d3-format-3.1.0.tgz",
      "integrity": "sha512-YyUI6AEuY/Wpt8KWLgZHsIU86atmikuoOmCfommt0LYHiQSPjvX2AcFc38PX0CBpr2RCyZhjex+NS/LPOv6YqA=="
    },
    "d3-interpolate": {
      "version": "3.0.1",
      "resolved": "https://registry.npmjs.org/d3-interpolate/-/d3-interpolate-3.0.1.tgz",
      "integrity": "sha512-3bYs1rOD33uo8aqJfKP3JWPAibgw8Zm2+L9vBKEHJ2Rg+viTR7o5Mmv5mZcieN+FRYaAOWX5SJATX6k1PWz72g==",
      "requires": {
        "d3-color": "1 - 3"
      }
    },
    "d3-scale": {
      "version": "4.0.2",
      "resolved": "https://registry.npmjs.org/d3-scale/-/d3-scale-4.0.2.tgz",
      "integrity": "sha512-GZW464g1SH7ag3Y7hXjf8RoUuAFIqklOAq3MRl4OaWabTFJY9PN/E1YklhXLh+OQ3fM9yS2nOkCoS+WLZ6kvxQ==",
      "requires": {
        "d3-array": "2.10.0 - 3",
        "d3-format": "1 - 3",
        "d3-interpolate": "1.2.0 - 3",
        "d3-time": "2.1.1 - 3",
        "d3-time-format": "2 - 4"
      }
    },
    "d3-time": {
      "version": "3.0.0",
      "resolved": "https://registry.npmjs.org/d3-time/-/d3-time-3.0.0.tgz",
      "integrity": "sha512-zmV3lRnlaLI08y9IMRXSDshQb5Nj77smnfpnd2LrBa/2K281Jijactokeak14QacHs/kKq0AQ121nidNYlarbQ==",
      "requires": {
        "d3-array": "2 - 3"
      }
    },
    "d3-time-format": {
      "version": "4.1.0",
      "resolved": "https://registry.npmjs.org/d3-time-format/-/d3-time-format-4.1.0.tgz",
      "integrity": "sha512-dJxPBlzC7NugB2PDLwo9Q8JiTR3M3e4/XANkreKSUxF8vvXKqm1Yfq4Q5dl8budlunRVlUUaDUgFt7eA8D6NLg==",
      "requires": {
        "d3-time": "1 - 3"
      }
    },
    "esri-leaflet": {
      "version": "2.3.3",
      "resolved": "https://registry.npmjs.org/esri-leaflet/-/esri-leaflet-2.3.3.tgz",
      "integrity": "sha512-cGR82DNsIUHhnRxKARGCQZB5KZGZ/axX9AVuDrl4Vj7td+VmRvULIReNlFA01wTeCX86k5VH4f5MTrqzjqHfOg==",
      "requires": {
        "@esri/arcgis-to-geojson-utils": "^1.3.0",
        "leaflet-virtual-grid": "^1.0.7",
        "tiny-binary-search": "^1.0.3"
      }
    },
    "internmap": {
      "version": "2.0.3",
      "resolved": "https://registry.npmjs.org/internmap/-/internmap-2.0.3.tgz",
      "integrity": "sha512-5Hh7Y1wQbvY5ooGgPbDaL5iYLAPzMTUrjMulskHLH6wnv/A+1q5rgEaiuqEjB+oxGXIVZs1FF+R/KPN3ZSQYYg=="
    },
    "leaflet": {
      "version": "1.6.0",
      "resolved": "https://registry.npmjs.org/leaflet/-/leaflet-1.6.0.tgz",
      "integrity": "sha512-CPkhyqWUKZKFJ6K8umN5/D2wrJ2+/8UIpXppY7QDnUZW5bZL5+SEI2J7GBpwh4LIupOKqbNSQXgqmrEJopHVNQ=="
    },
    "leaflet-draw": {
      "version": "1.0.4",
      "resolved": "https://registry.npmjs.org/leaflet-draw/-/leaflet-draw-1.0.4.tgz",
      "integrity": "sha512-rsQ6saQO5ST5Aj6XRFylr5zvarWgzWnrg46zQ1MEOEIHsppdC/8hnN8qMoFvACsPvTioAuysya/TVtog15tyAQ=="
    },
    "leaflet-virtual-grid": {
      "version": "1.0.7",
      "resolved": "https://registry.npmjs.org/leaflet-virtual-grid/-/leaflet-virtual-grid-1.0.7.tgz",
      "integrity": "sha512-sJxWYPcIKwMTewE+z8OFzfZHsbZcniQgTcreVdIQnxSRf+1XpMp+c4QKAWRKTBRmWOhEGyQO0Z90CLANJ9jRUQ==",
      "requires": {
        "leaflet": "^1.0.0"
      }
    },
    "resize-observer-polyfill": {
      "version": "1.5.1",
      "resolved": "https://registry.npmjs.org/resize-observer-polyfill/-/resize-observer-polyfill-1.5.1.tgz",
      "integrity": "sha512-LwZrotdHOo12nQuZlHEmtuXdqGoOD0OhaxopaNFxWzInpEgaLWoVuAMbTzixuosCx2nEG58ngzW3vxdWoxIgdg=="
    },
    "tiny-binary-search": {
      "version": "1.0.3",
      "resolved": "https://registry.npmjs.org/tiny-binary-search/-/tiny-binary-search-1.0.3.tgz",
      "integrity": "sha512-STSHX/L5nI9WTLv6wrzJbAPbO7OIISX83KFBh2GVbX1Uz/vgZOU/ANn/8iV6t35yMTpoPzzO+3OQid3mifE0CA=="
    },
    "typescript": {
      "version": "3.8.3",
      "resolved": "https://registry.npmjs.org/typescript/-/typescript-3.8.3.tgz",
      "integrity": "sha512-MYlEfn5VrLNsgudQTVJeNaQFUAI7DkhnOjdpAp4T+ku1TfQClewlbSuTVHiA+8skNBgaf02TL/kLOvig4y3G8w==",
      "dev": true
    }
  }
}
